
Microsoft Visual Studio Solution File, Format Version 12.00
# Visual Studio Version 17
VisualStudioVersion = 17.4.33122.133
MinimumVisualStudioVersion = 10.0.40219.1
Project("{FAE04EC0-301F-11D3-BF4B-00C04F79EFBC}") = "Honkai3Gacha-Remastered", "Honkai3Gacha-Remastered\Honkai3Gacha-Remastered.csproj", "{99D2A0A1-F75C-45AE-98D5-5B0A238E6C3E}"
EndProject
Project("{FAE04EC0-301F-11D3-BF4B-00C04F79EFBC}") = "GachaCore", "GachaCore\GachaCore.csproj", "{C99C7FFF-47A1-4097-846A-3BE5D7905833}"
EndProject
Global
	GlobalSection(SolutionConfigurationPlatforms) = preSolution
		Debug|Any CPU = Debug|Any CPU
		Release|Any CPU = Release|Any CPU
	EndGlobalSection
	GlobalSection(ProjectConfigurationPlatforms) = postSolution
		{99D2A0A1-F75C-45AE-98D5-5B0A238E6C3E}.Debug|Any CPU.ActiveCfg = Debug|Any CPU
		{99D2A0A1-F75C-45AE-98D5-5B0A238E6C3E}.Debug|Any CPU.Build.0 = Debug|Any CPU
		{99D2A0A1-F75C-45AE-98D5-5B0A238E6C3E}.Release|Any CPU.ActiveCfg = Release|Any CPU
		{99D2A0A1-F75C-45AE-98D5-5B0A238E6C3E}.Release|Any CPU.Build.0 = Release|Any CPU
		{C99C7FFF-47A1-4097-846A-3BE5D7905833}.Debug|Any CPU.ActiveCfg = Debug|Any CPU
		{C99C7FFF-47A1-4097-846A-3BE5D7905833}.Debug|Any CPU.Build.0 = Debug|Any CPU
		{C99C7FFF-47A1-4097-846A-3BE5D7905833}.Release|Any CPU.ActiveCfg = Release|Any CPU
		{C99C7FFF-47A1-4097-846A-3BE5D7905833}.Release|Any CPU.Build.0 = Release|Any CPU
	EndGlobalSection
	GlobalSection(SolutionProperties) = preSolution
		HideSolutionNode = FALSE
	EndGlobalSection
	GlobalSection(ExtensibilityGlobals) = postSolution
		SolutionGuid = {A376237D-8704-4763-A677-E42BAA9A1BAE}
	EndGlobalSection
EndGlobal
